
Microsoft Visual Studio Solution File, Format Version 12.00
# Visual Studio Version 17
VisualStudioVersion = 17.13.35919.96 d17.13
MinimumVisualStudioVersion = 10.0.40219.1
Project("{FAE04EC0-301F-11D3-BF4B-00C04F79EFBC}") = "ContactList", "ContactList\ContactList.csproj", "{DA4A28D1-1101-467D-9551-A46EDC6F7421}"
EndProject
Global
	GlobalSection(SolutionConfigurationPlatforms) = preSolution
		Debug|Any CPU = Debug|Any CPU
		Release|Any CPU = Release|Any CPU
	EndGlobalSection
	GlobalSection(ProjectConfigurationPlatforms) = postSolution
		{DA4A28D1-1101-467D-9551-A46EDC6F7421}.Debug|Any CPU.ActiveCfg = Debug|Any CPU
		{DA4A28D1-1101-467D-9551-A46EDC6F7421}.Debug|Any CPU.Build.0 = Debug|Any CPU
		{DA4A28D1-1101-467D-9551-A46EDC6F7421}.Release|Any CPU.ActiveCfg = Release|Any CPU
		{DA4A28D1-1101-467D-9551-A46EDC6F7421}.Release|Any CPU.Build.0 = Release|Any CPU
	EndGlobalSection
	GlobalSection(SolutionProperties) = preSolution
		HideSolutionNode = FALSE
	EndGlobalSection
	GlobalSection(ExtensibilityGlobals) = postSolution
		SolutionGuid = {23EAE3CE-7CDD-4BEB-BC69-59E0599CE64F}
	EndGlobalSection
EndGlobal
